
Microsoft Visual Studio Solution File, Format Version 12.00
# Visual Studio Version 17
VisualStudioVersion = 17.8.34525.116
MinimumVisualStudioVersion = 10.0.40219.1
Project("{FAE04EC0-301F-11D3-BF4B-00C04F79EFBC}") = "skyedge", "skyedge.csproj", "{CB1BCEC9-0737-4C8B-9399-F4C4777E7499}"
EndProject
Global
	GlobalSection(SolutionConfigurationPlatforms) = preSolution
		Debug|Any CPU = Debug|Any CPU
		Release|Any CPU = Release|Any CPU
	EndGlobalSection
	GlobalSection(ProjectConfigurationPlatforms) = postSolution
		{CB1BCEC9-0737-4C8B-9399-F4C4777E7499}.Debug|Any CPU.ActiveCfg = Debug|Any CPU
		{CB1BCEC9-0737-4C8B-9399-F4C4777E7499}.Debug|Any CPU.Build.0 = Debug|Any CPU
		{CB1BCEC9-0737-4C8B-9399-F4C4777E7499}.Release|Any CPU.ActiveCfg = Release|Any CPU
		{CB1BCEC9-0737-4C8B-9399-F4C4777E7499}.Release|Any CPU.Build.0 = Release|Any CPU
	EndGlobalSection
	GlobalSection(SolutionProperties) = preSolution
		HideSolutionNode = FALSE
	EndGlobalSection
	GlobalSection(ExtensibilityGlobals) = postSolution
		SolutionGuid = {FE4DA4A2-BC08-4310-8547-6271DD0926F4}
	EndGlobalSection
EndGlobal
